
Microsoft Visual Studio Solution File, Format Version 12.00
# Visual Studio Version 16
VisualStudioVersion = 16.0.809.1
MinimumVisualStudioVersion = 10.0.40219.1
Project("{FAE04EC0-301F-11D3-BF4B-00C04F79EFBC}") = "MockAPI", "CoreAPI\MockAPI.csproj", "{9EE1D593-2FFB-4F1F-AB74-139F7F763CED}"
EndProject
Project("{FAE04EC0-301F-11D3-BF4B-00C04F79EFBC}") = "OcelotAPIGateway", "OcelotAPIGateway\OcelotAPIGateway.csproj", "{95BA35A5-DD9B-4BC9-89C4-5916C82CF442}"
EndProject
Global
	GlobalSection(SolutionConfigurationPlatforms) = preSolution
		Debug|Any CPU = Debug|Any CPU
		Release|Any CPU = Release|Any CPU
	EndGlobalSection
	GlobalSection(ProjectConfigurationPlatforms) = postSolution
		{9EE1D593-2FFB-4F1F-AB74-139F7F763CED}.Debug|Any CPU.ActiveCfg = Debug|Any CPU
		{9EE1D593-2FFB-4F1F-AB74-139F7F763CED}.Debug|Any CPU.Build.0 = Debug|Any CPU
		{9EE1D593-2FFB-4F1F-AB74-139F7F763CED}.Release|Any CPU.ActiveCfg = Release|Any CPU
		{9EE1D593-2FFB-4F1F-AB74-139F7F763CED}.Release|Any CPU.Build.0 = Release|Any CPU
		{95BA35A5-DD9B-4BC9-89C4-5916C82CF442}.Debug|Any CPU.ActiveCfg = Debug|Any CPU
		{95BA35A5-DD9B-4BC9-89C4-5916C82CF442}.Debug|Any CPU.Build.0 = Debug|Any CPU
		{95BA35A5-DD9B-4BC9-89C4-5916C82CF442}.Release|Any CPU.ActiveCfg = Release|Any CPU
		{95BA35A5-DD9B-4BC9-89C4-5916C82CF442}.Release|Any CPU.Build.0 = Release|Any CPU
	EndGlobalSection
	GlobalSection(SolutionProperties) = preSolution
		HideSolutionNode = FALSE
	EndGlobalSection
	GlobalSection(ExtensibilityGlobals) = postSolution
		SolutionGuid = {74430CFF-5B51-4B78-A062-EA8303C14268}
	EndGlobalSection
EndGlobal
